// !$*UTF8*$!
{
	archiveVersion = 1;
	classes = {
	};
	objectVersion = 46;
	objects = {

/* Begin PBXBuildFile section */
		EFD6C91C1F1571B200B306CF /* AppDelegate.swift in Sources */ = {isa = PBXBuildFile; fileRef = EFD6C91B1F1571B200B306CF /* AppDelegate.swift */; };
		EFD6C9221F1571B200B306CF /* GameScene.swift in Sources */ = {isa = PBXBuildFile; fileRef = EFD6C9211F1571B200B306CF /* GameScene.swift */; };
		EFD6C9241F1571B200B306CF /* GameViewController.swift in Sources */ = {isa = PBXBuildFile; fileRef = EFD6C9231F1571B200B306CF /* GameViewController.swift */; };
		EFD6C9271F1571B200B306CF /* Main.storyboard in Resources */ = {isa = PBXBuildFile; fileRef = EFD6C9251F1571B200B306CF /* Main.storyboard */; };
		EFD6C9291F1571B200B306CF /* Assets.xcassets in Resources */ = {isa = PBXBuildFile; fileRef = EFD6C9281F1571B200B306CF /* Assets.xcassets */; };
		EFD6C92C1F1571B200B306CF /* LaunchScreen.storyboard in Resources */ = {isa = PBXBuildFile; fileRef = EFD6C92A1F1571B200B306CF /* LaunchScreen.storyboard */; };
		EFD6C9341F15773F00B306CF /* Sounds in Resources */ = {isa = PBXBuildFile; fileRef = EFD6C9331F15773F00B306CF /* Sounds */; };
		EFD6C9361F15996500B306CF /* GameOverScene.swift in Sources */ = {isa = PBXBuildFile; fileRef = EFD6C9351F15996500B306CF /* GameOverScene.swift */; };
/* End PBXBuildFile section */

/* Begin PBXFileReference section */
		EFD6C9181F1571B200B306CF /* SpriteKitSimpleGame.app */ = {isa = PBXFileReference; explicitFileType = wrapper.application; includeInIndex = 0; path = SpriteKitSimpleGame.app; sourceTree = BUILT_PRODUCTS_DIR; };
		EFD6C91B1F1571B200B306CF /* AppDelegate.swift */ = {isa = PBXFileReference; lastKnownFileType = sourcecode.swift; path = AppDelegate.swift; sourceTree = "<group>"; };
		EFD6C9211F1571B200B306CF /* GameScene.swift */ = {isa = PBXFileReference; lastKnownFileType = sourcecode.swift; path = GameScene.swift; sourceTree = "<group>"; };
		EFD6C9231F1571B200B306CF /* GameViewController.swift */ = {isa = PBXFileReference; lastKnownFileType = sourcecode.swift; path = GameViewController.swift; sourceTree = "<group>"; };
		EFD6C9261F1571B200B306CF /* Base */ = {isa = PBXFileReference; lastKnownFileType = file.storyboard; name = Base; path = Base.lproj/Main.storyboard; sourceTree = "<group>"; };
		EFD6C9281F1571B200B306CF /* Assets.xcassets */ = {isa = PBXFileReference; lastKnownFileType = folder.assetcatalog; path = Assets.xcassets; sourceTree = "<group>"; };
		EFD6C92B1F1571B200B306CF /* Base */ = {isa = PBXFileReference; lastKnownFileType = file.storyboard; name = Base; path = Base.lproj/LaunchScreen.storyboard; sourceTree = "<group>"; };
		EFD6C92D1F1571B200B306CF /* Info.plist */ = {isa = PBXFileReference; lastKnownFileType = text.plist.xml; path = Info.plist; sourceTree = "<group>"; };
		EFD6C9331F15773F00B306CF /* Sounds */ = {isa = PBXFileReference; lastKnownFileType = folder; path = Sounds; sourceTree = "<group>"; };
		EFD6C9351F15996500B306CF /* GameOverScene.swift */ = {isa = PBXFileReference; fileEncoding = 4; lastKnownFileType = sourcecode.swift; path = GameOverScene.swift; sourceTree = "<group>"; };
/* End PBXFileReference section */

/* Begin PBXFrameworksBuildPhase section */
		EFD6C9151F1571B200B306CF /* Frameworks */ = {
			isa = PBXFrameworksBuildPhase;
			buildActionMask = 2147483647;
			files = (
			);
			runOnlyForDeploymentPostprocessing = 0;
		};
/* End PBXFrameworksBuildPhase section */

/* Begin PBXGroup section */
		EFD6C90F1F1571B100B306CF = {
			isa = PBXGroup;
			children = (
				EFD6C9191F1571B200B306CF /* Products */,
				EFD6C91A1F1571B200B306CF /* SpriteKitSimpleGame */,
			);
			sourceTree = "<group>";
		};
		EFD6C9191F1571B200B306CF /* Products */ = {
			isa = PBXGroup;
			children = (
				EFD6C9181F1571B200B306CF /* SpriteKitSimpleGame.app */,
			);
			name = Products;
			sourceTree = "<group>";
		};
		EFD6C91A1F1571B200B306CF /* SpriteKitSimpleGame */ = {
			isa = PBXGroup;
			children = (
				EFD6C9331F15773F00B306CF /* Sounds */,
				EFD6C92D1F1571B200B306CF /* Info.plist */,
				EFD6C91B1F1571B200B306CF /* AppDelegate.swift */,
				EFD6C9211F1571B200B306CF /* GameScene.swift */,
				EFD6C9351F15996500B306CF /* GameOverScene.swift */,
				EFD6C9231F1571B200B306CF /* GameViewController.swift */,
				EFD6C9281F1571B200B306CF /* Assets.xcassets */,
				EFD6C92A1F1571B200B306CF /* LaunchScreen.storyboard */,
				EFD6C9251F1571B200B306CF /* Main.storyboard */,
			);
			path = SpriteKitSimpleGame;
			sourceTree = "<group>";
		};
/* End PBXGroup section */

/* Begin PBXNativeTarget section */
		EFD6C9171F1571B200B306CF /* SpriteKitSimpleGame */ = {
			isa = PBXNativeTarget;
			buildConfigurationList = EFD6C9301F1571B200B306CF /* Build configuration list for PBXNativeTarget "SpriteKitSimpleGame" */;
			buildPhases = (
				EFD6C9141F1571B200B306CF /* Sources */,
				EFD6C9151F1571B200B306CF /* Frameworks */,
				EFD6C9161F1571B200B306CF /* Resources */,
			);
			buildRules = (
			);
			dependencies = (
			);
			name = SpriteKitSimpleGame;
			productName = SpriteKitSimpleGame;
			productReference = EFD6C9181F1571B200B306CF /* SpriteKitSimpleGame.app */;
			productType = "com.apple.product-type.application";
		};
/* End PBXNativeTarget section */

/* Begin PBXProject section */
		EFD6C9101F1571B200B306CF /* Project object */ = {
			isa = PBXProject;
			attributes = {
				LastSwiftUpdateCheck = 0830;
				LastUpgradeCheck = 0830;
				ORGANIZATIONNAME = "Sergio A. Balderas";
				TargetAttributes = {
					EFD6C9171F1571B200B306CF = {
						CreatedOnToolsVersion = 8.3.3;
						ProvisioningStyle = Automatic;
					};
				};
			};
			buildConfigurationList = EFD6C9131F1571B200B306CF /* Build configuration list for PBXProject "SpriteKitSimpleGame" */;
			compatibilityVersion = "Xcode 3.2";
			developmentRegion = English;
			hasScannedForEncodings = 0;
			knownRegions = (
				en,
				Base,
			);
			mainGroup = EFD6C90F1F1571B100B306CF;
			productRefGroup = EFD6C9191F1571B200B306CF /* Products */;
			projectDirPath = "";
			projectRoot = "";
			targets = (
				EFD6C9171F1571B200B306CF /* SpriteKitSimpleGame */,
			);
		};
/* End PBXProject section */

/* Begin PBXResourcesBuildPhase section */
		EFD6C9161F1571B200B306CF /* Resources */ = {
			isa = PBXResourcesBuildPhase;
			buildActionMask = 2147483647;
			files = (
				EFD6C9271F1571B200B306CF /* Main.storyboard in Resources */,
				EFD6C9291F1571B200B306CF /* Assets.xcassets in Resources */,
				EFD6C9341F15773F00B306CF /* Sounds in Resources */,
				EFD6C92C1F1571B200B306CF /* LaunchScreen.storyboard in Resources */,
			);
			runOnlyForDeploymentPostprocessing = 0;
		};
/* End PBXResourcesBuildPhase section */

/* Begin PBXSourcesBuildPhase section */
		EFD6C9141F1571B200B306CF /* Sources */ = {
			isa = PBXSourcesBuildPhase;
			buildActionMask = 2147483647;
			files = (
				EFD6C9221F1571B200B306CF /* GameScene.swift in Sources */,
				EFD6C9241F1571B200B306CF /* GameViewController.swift in Sources */,
				EFD6C9361F15996500B306CF /* GameOverScene.swift in Sources */,
				EFD6C91C1F1571B200B306CF /* AppDelegate.swift in Sources */,
			);
			runOnlyForDeploymentPostprocessing = 0;
		};
/* End PBXSourcesBuildPhase section */

/* Begin PBXVariantGroup section */
		EFD6C9251F1571B200B306CF /* Main.storyboard */ = {
			isa = PBXVariantGroup;
			children = (
				EFD6C9261F1571B200B306CF /* Base */,
			);
			name = Main.storyboard;
			sourceTree = "<group>";
		};
		EFD6C92A1F1571B200B306CF /* LaunchScreen.storyboard */ = {
			isa = PBXVariantGroup;
			children = (
				EFD6C92B1F1571B200B306CF /* Base */,
			);
			name = LaunchScreen.storyboard;
			sourceTree = "<group>";
		};
/* End PBXVariantGroup section */

/* Begin XCBuildConfiguration section */
		EFD6C92E1F1571B200B306CF /* Debug */ = {
			isa = XCBuildConfiguration;
			buildSettings = {
				ALWAYS_SEARCH_USER_PATHS = NO;
				CLANG_ANALYZER_NONNULL = YES;
				CLANG_ANALYZER_NUMBER_OBJECT_CONVERSION = YES_AGGRESSIVE;
				CLANG_CXX_LANGUAGE_STANDARD = "gnu++0x";
				CLANG_CXX_LIBRARY = "libc++";
				CLANG_ENABLE_MODULES = YES;
				CLANG_ENABLE_OBJC_ARC = YES;
				CLANG_WARN_BOOL_CONVERSION = YES;
				CLANG_WARN_CONSTANT_CONVERSION = YES;
				CLANG_WARN_DIRECT_OBJC_ISA_USAGE = YES_ERROR;
				CLANG_WARN_DOCUMENTATION_COMMENTS = YES;
				CLANG_WARN_EMPTY_BODY = YES;
				CLANG_WARN_ENUM_CONVERSION = YES;
				CLANG_WARN_INFINITE_RECURSION = YES;
				CLANG_WARN_INT_CONVERSION = YES;
				CLANG_WARN_OBJC_ROOT_CLASS = YES_ERROR;
				CLANG_WARN_SUSPICIOUS_MOVE = YES;
				CLANG_WARN_UNREACHABLE_CODE = YES;
				CLANG_WARN__DUPLICATE_METHOD_MATCH = YES;
				"CODE_SIGN_IDENTITY[sdk=iphoneos*]" = "iPhone Developer";
				COPY_PHASE_STRIP = NO;
				DEBUG_INFORMATION_FORMAT = dwarf;
				ENABLE_STRICT_OBJC_MSGSEND = YES;
				ENABLE_TESTABILITY = YES;
				GCC_C_LANGUAGE_STANDARD = gnu99;
				GCC_DYNAMIC_NO_PIC = NO;
				GCC_NO_COMMON_BLOCKS = YES;
				GCC_OPTIMIZATION_LEVEL = 0;
				GCC_PREPROCESSOR_DEFINITIONS = (
					"DEBUG=1",
					"$(inherited)",
				);
				GCC_WARN_64_TO_32_BIT_CONVERSION = YES;
				GCC_WARN_ABOUT_RETURN_TYPE = YES_ERROR;
				GCC_WARN_UNDECLARED_SELECTOR = YES;
				GCC_WARN_UNINITIALIZED_AUTOS = YES_AGGRESSIVE;
				GCC_WARN_UNUSED_FUNCTION = YES;
				GCC_WARN_UNUSED_VARIABLE = YES;
				IPHONEOS_DEPLOYMENT_TARGET = 10.3;
				MTL_ENABLE_DEBUG_INFO = YES;
				ONLY_ACTIVE_ARCH = YES;
				SDKROOT = iphoneos;
				SWIFT_ACTIVE_COMPILATION_CONDITIONS = DEBUG;
				SWIFT_OPTIMIZATION_LEVEL = "-Onone";
				TARGETED_DEVICE_FAMILY = "1,2";
			};
			name = Debug;
		};
		EFD6C92F1F1571B200B306CF /* Release */ = {
			isa = XCBuildConfiguration;
			buildSettings = {
				ALWAYS_SEARCH_USER_PATHS = NO;
				CLANG_ANALYZER_NONNULL = YES;
				CLANG_ANALYZER_NUMBER_OBJECT_CONVERSION = YES_AGGRESSIVE;
				CLANG_CXX_LANGUAGE_STANDARD = "gnu++0x";
				CLANG_CXX_LIBRARY = "libc++";
				CLANG_ENABLE_MODULES = YES;
				CLANG_ENABLE_OBJC_ARC = YES;
				CLANG_WARN_BOOL_CONVERSION = YES;
				CLANG_WARN_CONSTANT_CONVERSION = YES;
				CLANG_WARN_DIRECT_OBJC_ISA_USAGE = YES_ERROR;
				CLANG_WARN_DOCUMENTATION_COMMENTS = YES;
				CLANG_WARN_EMPTY_BODY = YES;
				CLANG_WARN_ENUM_CONVERSION = YES;
				CLANG_WARN_INFINITE_RECURSION = YES;
				CLANG_WARN_INT_CONVERSION = YES;
				CLANG_WARN_OBJC_ROOT_CLASS = YES_ERROR;
				CLANG_WARN_SUSPICIOUS_MOVE = YES;
				CLANG_WARN_UNREACHABLE_CODE = YES;
				CLANG_WARN__DUPLICATE_METHOD_MATCH = YES;
				"CODE_SIGN_IDENTITY[sdk=iphoneos*]" = "iPhone Developer";
				COPY_PHASE_STRIP = NO;
				DEBUG_INFORMATION_FORMAT = "dwarf-with-dsym";
				ENABLE_NS_ASSERTIONS = NO;
				ENABLE_STRICT_OBJC_MSGSEND = YES;
				GCC_C_LANGUAGE_STANDARD = gnu99;
				GCC_NO_COMMON_BLOCKS = YES;
				GCC_WARN_64_TO_32_BIT_CONVERSION = YES;
				GCC_WARN_ABOUT_RETURN_TYPE = YES_ERROR;
				GCC_WARN_UNDECLARED_SELECTOR = YES;
				GCC_WARN_UNINITIALIZED_AUTOS = YES_AGGRESSIVE;
				GCC_WARN_UNUSED_FUNCTION = YES;
				GCC_WARN_UNUSED_VARIABLE = YES;
				IPHONEOS_DEPLOYMENT_TARGET = 10.3;
				MTL_ENABLE_DEBUG_INFO = NO;
				SDKROOT = iphoneos;
				SWIFT_OPTIMIZATION_LEVEL = "-Owholemodule";
				TARGETED_DEVICE_FAMILY = "1,2";
				VALIDATE_PRODUCT = YES;
			};
			name = Release;
		};
		EFD6C9311F1571B200B306CF /* Debug */ = {
			isa = XCBuildConfiguration;
			buildSettings = {
				ASSETCATALOG_COMPILER_APPICON_NAME = AppIcon;
				INFOPLIST_FILE = SpriteKitSimpleGame/Info.plist;
				LD_RUNPATH_SEARCH_PATHS = "$(inherited) @executable_path/Frameworks";
				PRODUCT_BUNDLE_IDENTIFIER = jaquer.SpriteKitSimpleGame;
				PRODUCT_NAME = "$(TARGET_NAME)";
				SWIFT_VERSION = 3.0;
			};
			name = Debug;
		};
		EFD6C9321F1571B200B306CF /* Release */ = {
			isa = XCBuildConfiguration;
			buildSettings = {
				ASSETCATALOG_COMPILER_APPICON_NAME = AppIcon;
				INFOPLIST_FILE = SpriteKitSimpleGame/Info.plist;
				LD_RUNPATH_SEARCH_PATHS = "$(inherited) @executable_path/Frameworks";
				PRODUCT_BUNDLE_IDENTIFIER = jaquer.SpriteKitSimpleGame;
				PRODUCT_NAME = "$(TARGET_NAME)";
				SWIFT_VERSION = 3.0;
			};
			name = Release;
		};
/* End XCBuildConfiguration section */

/* Begin XCConfigurationList section */
		EFD6C9131F1571B200B306CF /* Build configuration list for PBXProject "SpriteKitSimpleGame" */ = {
			isa = XCConfigurationList;
			buildConfigurations = (
				EFD6C92E1F1571B200B306CF /* Debug */,
				EFD6C92F1F1571B200B306CF /* Release */,
			);
			defaultConfigurationIsVisible = 0;
			defaultConfigurationName = Release;
		};
		EFD6C9301F1571B200B306CF /* Build configuration list for PBXNativeTarget "SpriteKitSimpleGame" */ = {
			isa = XCConfigurationList;
			buildConfigurations = (
				EFD6C9311F1571B200B306CF /* Debug */,
				EFD6C9321F1571B200B306CF /* Release */,
			);
			defaultConfigurationIsVisible = 0;
			defaultConfigurationName = Release;
		};
/* End XCConfigurationList section */
	};
	rootObject = EFD6C9101F1571B200B306CF /* Project object */;
}
